Microsoft Visual Studio Solution File, Format Version 12.00
# Visual Studio Version 17
VisualStudioVersion = 17.5.2.0
MinimumVisualStudioVersion = 10.0.40219.1
Project("{FAE04EC0-301F-11D3-BF4B-00C04F79EFBC}") = "SolutionTutorial1", "SolutionTutorial1.csproj", "{A93735D5-CB17-8A23-AE8C-6E9ADA61F29F}"
EndProject
Global
	GlobalSection(SolutionConfigurationPlatforms) = preSolution
		Debug|Any CPU = Debug|Any CPU
		Release|Any CPU = Release|Any CPU
	EndGlobalSection
	GlobalSection(ProjectConfigurationPlatforms) = postSolution
		{A93735D5-CB17-8A23-AE8C-6E9ADA61F29F}.Debug|Any CPU.ActiveCfg = Debug|Any CPU
		{A93735D5-CB17-8A23-AE8C-6E9ADA61F29F}.Debug|Any CPU.Build.0 = Debug|Any CPU
		{A93735D5-CB17-8A23-AE8C-6E9ADA61F29F}.Release|Any CPU.ActiveCfg = Release|Any CPU
		{A93735D5-CB17-8A23-AE8C-6E9ADA61F29F}.Release|Any CPU.Build.0 = Release|Any CPU
	EndGlobalSection
	GlobalSection(SolutionProperties) = preSolution
		HideSolutionNode = FALSE
	EndGlobalSection
	GlobalSection(ExtensibilityGlobals) = postSolution
		SolutionGuid = {A93424D2-9C08-420C-B246-D104A8A2A959}
	EndGlobalSection
EndGlobal
